PODS:
  - MBProgressHUD (1.0.0)
  - MMDrawerController (0.5.7):
    - MMDrawerController/Core (= 0.5.7)
    - MMDrawerController/MMDrawerBarButtonItem (= 0.5.7)
    - MMDrawerController/MMDrawerVisualStates (= 0.5.7)
    - MMDrawerController/Subclass (= 0.5.7)
  - MMDrawerController/Core (0.5.7)
  - MMDrawerController/MMDrawerBarButtonItem (0.5.7):
    - MMDrawerController/Core
  - MMDrawerController/MMDrawerVisualStates (0.5.7):
    - MMDrawerController/Core
  - MMDrawerController/Subclass (0.5.7):
    - MMDrawerController/Core

DEPENDENCIES:
  - MBProgressHUD (~> 1.0.0)
  - MMDrawerController (~> 0.5.7)

SPEC CHECKSUMS:
  MBProgressHUD: 4890f671c94e8a0f3cf959aa731e9de2f036d71a
  MMDrawerController: 7a4cf8e25596bf2434e03ce50d22a8608ddee6a1

PODFILE CHECKSUM: a968e08aa4ab39fb9396f65412769d349ce12c51

COCOAPODS: 1.1.0.beta.1
